// !$*UTF8*$!
{
	archiveVersion = 1;
	classes = {
	};
	objectVersion = 56;
	objects = {

/* Begin PBXBuildFile section */
		E31BF6F42C7F2E85005E932C /* AddCategorySheet.swift in Sources */ = {isa = PBXBuildFile; fileRef = E31BF6F32C7F2E85005E932C /* AddCategorySheet.swift */; };
		E31BF6F62C7F39FA005E932C /* NewCategoryViewModel.swift in Sources */ = {isa = PBXBuildFile; fileRef = E31BF6F52C7F39FA005E932C /* NewCategoryViewModel.swift */; };
		E3A4DCEB2C7DBDF700B42703 /* ContactFormManager.swift in Sources */ = {isa = PBXBuildFile; fileRef = E3A4DCEA2C7DBDF700B42703 /* ContactFormManager.swift */; };
		E3A4DCED2C7DC29500B42703 /* FormView.swift in Sources */ = {isa = PBXBuildFile; fileRef = E3A4DCEC2C7DC29500B42703 /* FormView.swift */; };
		E3A4DCFD2C7E180A00B42703 /* FilterOptions.swift in Sources */ = {isa = PBXBuildFile; fileRef = E3A4DCFC2C7E180A00B42703 /* FilterOptions.swift */; };
		E3A4DD002C7E201F00B42703 /* filterOptions.swift in Sources */ = {isa = PBXBuildFile; fileRef = E3A4DCFF2C7E201F00B42703 /* filterOptions.swift */; };
		E3A4DD042C7F117600B42703 /* FilterViewModel.swift in Sources */ = {isa = PBXBuildFile; fileRef = E3A4DD032C7F117600B42703 /* FilterViewModel.swift */; };
		E3A7D80A2C772037004208D3 /* ContactsAppApp.swift in Sources */ = {isa = PBXBuildFile; fileRef = E3A7D8092C772037004208D3 /* ContactsAppApp.swift */; };
		E3A7D80C2C772037004208D3 /* ContentView.swift in Sources */ = {isa = PBXBuildFile; fileRef = E3A7D80B2C772037004208D3 /* ContentView.swift */; };
		E3A7D80E2C77203D004208D3 /* Assets.xcassets in Resources */ = {isa = PBXBuildFile; fileRef = E3A7D80D2C77203D004208D3 /* Assets.xcassets */; };
		E3A7D8112C77203D004208D3 /* Preview Assets.xcassets in Resources */ = {isa = PBXBuildFile; fileRef = E3A7D8102C77203D004208D3 /* Preview Assets.xcassets */; };
		E3A7D8182C7720C9004208D3 /* Contact.swift in Sources */ = {isa = PBXBuildFile; fileRef = E3A7D8172C7720C9004208D3 /* Contact.swift */; };
		E3A7D81A2C7720E7004208D3 /* ContactsViewModel.swift in Sources */ = {isa = PBXBuildFile; fileRef = E3A7D8192C7720E7004208D3 /* ContactsViewModel.swift */; };
		E3A7D81C2C772107004208D3 /* ContactFormViewModel.swift in Sources */ = {isa = PBXBuildFile; fileRef = E3A7D81B2C772107004208D3 /* ContactFormViewModel.swift */; };
		E3A7D81E2C772157004208D3 /* ContactFormView.swift in Sources */ = {isa = PBXBuildFile; fileRef = E3A7D81D2C772157004208D3 /* ContactFormView.swift */; };
		E3A7D8202C772FD5004208D3 /* ContactCardView.swift in Sources */ = {isa = PBXBuildFile; fileRef = E3A7D81F2C772FD5004208D3 /* ContactCardView.swift */; };
		E3FCDAF62C78B00E00025328 /* ImagePicker.swift in Sources */ = {isa = PBXBuildFile; fileRef = E3FCDAF52C78B00E00025328 /* ImagePicker.swift */; };
		E3FCDAF92C7C9FD400025328 /* DataServices.swift in Sources */ = {isa = PBXBuildFile; fileRef = E3FCDAF82C7C9FD400025328 /* DataServices.swift */; };
		E3FCDAFC2C7CA63200025328 /* Filter.swift in Sources */ = {isa = PBXBuildFile; fileRef = E3FCDAFB2C7CA63200025328 /* Filter.swift */; };
		E3FCDAFF2C7CAD3C00025328 /* ManagerServices.swift in Sources */ = {isa = PBXBuildFile; fileRef = E3FCDAFE2C7CAD3C00025328 /* ManagerServices.swift */; };
		E3FCDB092C7CCB6600025328 /* SearchView.swift in Sources */ = {isa = PBXBuildFile; fileRef = E3FCDB082C7CCB6600025328 /* SearchView.swift */; };
		E3FCDB0B2C7CCBFA00025328 /* FilterPickerView.swift in Sources */ = {isa = PBXBuildFile; fileRef = E3FCDB0A2C7CCBFA00025328 /* FilterPickerView.swift */; };
		E3FCDB0D2C7CCCD000025328 /* ContactListView.swift in Sources */ = {isa = PBXBuildFile; fileRef = E3FCDB0C2C7CCCD000025328 /* ContactListView.swift */; };
		E3FCDB0F2C7CCD8800025328 /* AddContactButtonView.swift in Sources */ = {isa = PBXBuildFile; fileRef = E3FCDB0E2C7CCD8800025328 /* AddContactButtonView.swift */; };
		E3FCDB112C7CCFAE00025328 /* ToolBarItemsView.swift in Sources */ = {isa = PBXBuildFile; fileRef = E3FCDB102C7CCFAE00025328 /* ToolBarItemsView.swift */; };
/* End PBXBuildFile section */

/* Begin PBXFileReference section */
		E31BF6F32C7F2E85005E932C /* AddCategorySheet.swift */ = {isa = PBXFileReference; lastKnownFileType = sourcecode.swift; path = AddCategorySheet.swift; sourceTree = "<group>"; };
		E31BF6F52C7F39FA005E932C /* NewCategoryViewModel.swift */ = {isa = PBXFileReference; lastKnownFileType = sourcecode.swift; path = NewCategoryViewModel.swift; sourceTree = "<group>"; };
		E3A4DCEA2C7DBDF700B42703 /* ContactFormManager.swift */ = {isa = PBXFileReference; lastKnownFileType = sourcecode.swift; path = ContactFormManager.swift; sourceTree = "<group>"; };
		E3A4DCEC2C7DC29500B42703 /* FormView.swift */ = {isa = PBXFileReference; lastKnownFileType = sourcecode.swift; path = FormView.swift; sourceTree = "<group>"; };
		E3A4DCFC2C7E180A00B42703 /* FilterOptions.swift */ = {isa = PBXFileReference; lastKnownFileType = sourcecode.swift; path = FilterOptions.swift; sourceTree = "<group>"; };
		E3A4DCFF2C7E201F00B42703 /* filterOptions.swift */ = {isa = PBXFileReference; lastKnownFileType = sourcecode.swift; path = filterOptions.swift; sourceTree = "<group>"; };
		E3A4DD032C7F117600B42703 /* FilterViewModel.swift */ = {isa = PBXFileReference; lastKnownFileType = sourcecode.swift; path = FilterViewModel.swift; sourceTree = "<group>"; };
		E3A7D8062C772037004208D3 /* ContactsApp.app */ = {isa = PBXFileReference; explicitFileType = wrapper.application; includeInIndex = 0; path = ContactsApp.app; sourceTree = BUILT_PRODUCTS_DIR; };
		E3A7D8092C772037004208D3 /* ContactsAppApp.swift */ = {isa = PBXFileReference; lastKnownFileType = sourcecode.swift; path = ContactsAppApp.swift; sourceTree = "<group>"; };
		E3A7D80B2C772037004208D3 /* ContentView.swift */ = {isa = PBXFileReference; lastKnownFileType = sourcecode.swift; path = ContentView.swift; sourceTree = "<group>"; };
		E3A7D80D2C77203D004208D3 /* Assets.xcassets */ = {isa = PBXFileReference; lastKnownFileType = folder.assetcatalog; path = Assets.xcassets; sourceTree = "<group>"; };
		E3A7D8102C77203D004208D3 /* Preview Assets.xcassets */ = {isa = PBXFileReference; lastKnownFileType = folder.assetcatalog; path = "Preview Assets.xcassets"; sourceTree = "<group>"; };
		E3A7D8172C7720C9004208D3 /* Contact.swift */ = {isa = PBXFileReference; lastKnownFileType = sourcecode.swift; path = Contact.swift; sourceTree = "<group>"; };
		E3A7D8192C7720E7004208D3 /* ContactsViewModel.swift */ = {isa = PBXFileReference; lastKnownFileType = sourcecode.swift; path = ContactsViewModel.swift; sourceTree = "<group>"; };
		E3A7D81B2C772107004208D3 /* ContactFormViewModel.swift */ = {isa = PBXFileReference; lastKnownFileType = sourcecode.swift; path = ContactFormViewModel.swift; sourceTree = "<group>"; };
		E3A7D81D2C772157004208D3 /* ContactFormView.swift */ = {isa = PBXFileReference; lastKnownFileType = sourcecode.swift; path = ContactFormView.swift; sourceTree = "<group>"; };
		E3A7D81F2C772FD5004208D3 /* ContactCardView.swift */ = {isa = PBXFileReference; lastKnownFileType = sourcecode.swift; path = ContactCardView.swift; sourceTree = "<group>"; };
		E3FCDAF52C78B00E00025328 /* ImagePicker.swift */ = {isa = PBXFileReference; lastKnownFileType = sourcecode.swift; path = ImagePicker.swift; sourceTree = "<group>"; };
		E3FCDAF82C7C9FD400025328 /* DataServices.swift */ = {isa = PBXFileReference; lastKnownFileType = sourcecode.swift; path = DataServices.swift; sourceTree = "<group>"; };
		E3FCDAFB2C7CA63200025328 /* Filter.swift */ = {isa = PBXFileReference; lastKnownFileType = sourcecode.swift; path = Filter.swift; sourceTree = "<group>"; };
		E3FCDAFE2C7CAD3C00025328 /* ManagerServices.swift */ = {isa = PBXFileReference; lastKnownFileType = sourcecode.swift; path = ManagerServices.swift; sourceTree = "<group>"; };
		E3FCDB082C7CCB6600025328 /* SearchView.swift */ = {isa = PBXFileReference; lastKnownFileType = sourcecode.swift; path = SearchView.swift; sourceTree = "<group>"; };
		E3FCDB0A2C7CCBFA00025328 /* FilterPickerView.swift */ = {isa = PBXFileReference; lastKnownFileType = sourcecode.swift; path = FilterPickerView.swift; sourceTree = "<group>"; };
		E3FCDB0C2C7CCCD000025328 /* ContactListView.swift */ = {isa = PBXFileReference; lastKnownFileType = sourcecode.swift; path = ContactListView.swift; sourceTree = "<group>"; };
		E3FCDB0E2C7CCD8800025328 /* AddContactButtonView.swift */ = {isa = PBXFileReference; lastKnownFileType = sourcecode.swift; path = AddContactButtonView.swift; sourceTree = "<group>"; };
		E3FCDB102C7CCFAE00025328 /* ToolBarItemsView.swift */ = {isa = PBXFileReference; lastKnownFileType = sourcecode.swift; path = ToolBarItemsView.swift; sourceTree = "<group>"; };
/* End PBXFileReference section */

/* Begin PBXFrameworksBuildPhase section */
		E3A7D8032C772037004208D3 /* Frameworks */ = {
			isa = PBXFrameworksBuildPhase;
			buildActionMask = 2147483647;
			files = (
			);
			runOnlyForDeploymentPostprocessing = 0;
		};
/* End PBXFrameworksBuildPhase section */

/* Begin PBXGroup section */
		E31BF6F72C7F3B41005E932C /* Filter View */ = {
			isa = PBXGroup;
			children = (
				E31BF6F32C7F2E85005E932C /* AddCategorySheet.swift */,
			);
			path = "Filter View";
			sourceTree = "<group>";
		};
		E3A4DCE72C7DB0C600B42703 /* ViewModels */ = {
			isa = PBXGroup;
			children = (
				E3A7D81B2C772107004208D3 /* ContactFormViewModel.swift */,
				E3A7D8192C7720E7004208D3 /* ContactsViewModel.swift */,
				E3FCDAFE2C7CAD3C00025328 /* ManagerServices.swift */,
				E3A4DCEA2C7DBDF700B42703 /* ContactFormManager.swift */,
			);
			path = ViewModels;
			sourceTree = "<group>";
		};
		E3A4DCE82C7DB0FA00B42703 /* Model */ = {
			isa = PBXGroup;
			children = (
				E3A7D8172C7720C9004208D3 /* Contact.swift */,
				E3A4DCFC2C7E180A00B42703 /* FilterOptions.swift */,
			);
			path = Model;
			sourceTree = "<group>";
		};
		E3A4DCE92C7DB11400B42703 /* HelperViews */ = {
			isa = PBXGroup;
			children = (
				E3A4DCF02C7E055000B42703 /* PickerViews */,
			);
			path = HelperViews;
			sourceTree = "<group>";
		};
		E3A4DCEE2C7E036800B42703 /* Contact */ = {
			isa = PBXGroup;
			children = (
				E3A4DCE72C7DB0C600B42703 /* ViewModels */,
				E3A4DCE82C7DB0FA00B42703 /* Model */,
				E3FCDB072C7CCAFA00025328 /* Views */,
			);
			path = Contact;
			sourceTree = "<group>";
		};
		E3A4DCEF2C7E04FA00B42703 /* CommonContactViews */ = {
			isa = PBXGroup;
			children = (
				E3FCDB082C7CCB6600025328 /* SearchView.swift */,
				E3A4DCEC2C7DC29500B42703 /* FormView.swift */,
				E3A7D81D2C772157004208D3 /* ContactFormView.swift */,
				E3FCDB0C2C7CCCD000025328 /* ContactListView.swift */,
				E3A7D81F2C772FD5004208D3 /* ContactCardView.swift */,
				E3FCDB102C7CCFAE00025328 /* ToolBarItemsView.swift */,
			);
			path = CommonContactViews;
			sourceTree = "<group>";
		};
		E3A4DCF02C7E055000B42703 /* PickerViews */ = {
			isa = PBXGroup;
			children = (
				E3FCDB0A2C7CCBFA00025328 /* FilterPickerView.swift */,
				E3FCDAF52C78B00E00025328 /* ImagePicker.swift */,
			);
			path = PickerViews;
			sourceTree = "<group>";
		};
		E3A4DCF12C7E059200B42703 /* ManageContactViews */ = {
			isa = PBXGroup;
			children = (
				E3FCDB0E2C7CCD8800025328 /* AddContactButtonView.swift */,
			);
			path = ManageContactViews;
			sourceTree = "<group>";
		};
		E3A4DCFE2C7E1FE800B42703 /* Filters */ = {
			isa = PBXGroup;
			children = (
				E31BF6F72C7F3B41005E932C /* Filter View */,
				E3A4DD022C7F115500B42703 /* View Model */,
				E3A4DD012C7E202900B42703 /* FilterModel */,
			);
			path = Filters;
			sourceTree = "<group>";
		};
		E3A4DD012C7E202900B42703 /* FilterModel */ = {
			isa = PBXGroup;
			children = (
				E3A4DCFF2C7E201F00B42703 /* filterOptions.swift */,
			);
			path = FilterModel;
			sourceTree = "<group>";
		};
		E3A4DD022C7F115500B42703 /* View Model */ = {
			isa = PBXGroup;
			children = (
				E3A4DD032C7F117600B42703 /* FilterViewModel.swift */,
				E31BF6F52C7F39FA005E932C /* NewCategoryViewModel.swift */,
			);
			path = "View Model";
			sourceTree = "<group>";
		};
		E3A7D7FD2C772037004208D3 = {
			isa = PBXGroup;
			children = (
				E3A7D8082C772037004208D3 /* ContactsApp */,
				E3A7D8072C772037004208D3 /* Products */,
			);
			sourceTree = "<group>";
		};
		E3A7D8072C772037004208D3 /* Products */ = {
			isa = PBXGroup;
			children = (
				E3A7D8062C772037004208D3 /* ContactsApp.app */,
			);
			name = Products;
			sourceTree = "<group>";
		};
		E3A7D8082C772037004208D3 /* ContactsApp */ = {
			isa = PBXGroup;
			children = (
				E3A4DCFE2C7E1FE800B42703 /* Filters */,
				E3A4DCEE2C7E036800B42703 /* Contact */,
				E3A4DCE92C7DB11400B42703 /* HelperViews */,
				E3FCDAFA2C7CA5FF00025328 /* Utilities */,
				E3FCDAF72C7C9F7900025328 /* UserDefaultsManager */,
				E3A7D8092C772037004208D3 /* ContactsAppApp.swift */,
				E3A7D80B2C772037004208D3 /* ContentView.swift */,
				E3A7D80D2C77203D004208D3 /* Assets.xcassets */,
				E3A7D80F2C77203D004208D3 /* Preview Content */,
			);
			path = ContactsApp;
			sourceTree = "<group>";
		};
		E3A7D80F2C77203D004208D3 /* Preview Content */ = {
			isa = PBXGroup;
			children = (
				E3A7D8102C77203D004208D3 /* Preview Assets.xcassets */,
			);
			path = "Preview Content";
			sourceTree = "<group>";
		};
		E3FCDAF72C7C9F7900025328 /* UserDefaultsManager */ = {
			isa = PBXGroup;
			children = (
				E3FCDAF82C7C9FD400025328 /* DataServices.swift */,
			);
			path = UserDefaultsManager;
			sourceTree = "<group>";
		};
		E3FCDAFA2C7CA5FF00025328 /* Utilities */ = {
			isa = PBXGroup;
			children = (
				E3FCDAFB2C7CA63200025328 /* Filter.swift */,
			);
			path = Utilities;
			sourceTree = "<group>";
		};
		E3FCDB072C7CCAFA00025328 /* Views */ = {
			isa = PBXGroup;
			children = (
				E3A4DCF12C7E059200B42703 /* ManageContactViews */,
				E3A4DCEF2C7E04FA00B42703 /* CommonContactViews */,
			);
			path = Views;
			sourceTree = "<group>";
		};
/* End PBXGroup section */

/* Begin PBXNativeTarget section */
		E3A7D8052C772037004208D3 /* ContactsApp */ = {
			isa = PBXNativeTarget;
			buildConfigurationList = E3A7D8142C77203D004208D3 /* Build configuration list for PBXNativeTarget "ContactsApp" */;
			buildPhases = (
				E3A7D8022C772037004208D3 /* Sources */,
				E3A7D8032C772037004208D3 /* Frameworks */,
				E3A7D8042C772037004208D3 /* Resources */,
			);
			buildRules = (
			);
			dependencies = (
			);
			name = ContactsApp;
			productName = ContactsApp;
			productReference = E3A7D8062C772037004208D3 /* ContactsApp.app */;
			productType = "com.apple.product-type.application";
		};
/* End PBXNativeTarget section */

/* Begin PBXProject section */
		E3A7D7FE2C772037004208D3 /* Project object */ = {
			isa = PBXProject;
			attributes = {
				BuildIndependentTargetsInParallel = 1;
				LastSwiftUpdateCheck = 1540;
				LastUpgradeCheck = 1540;
				TargetAttributes = {
					E3A7D8052C772037004208D3 = {
						CreatedOnToolsVersion = 15.4;
					};
				};
			};
			buildConfigurationList = E3A7D8012C772037004208D3 /* Build configuration list for PBXProject "ContactsApp" */;
			compatibilityVersion = "Xcode 14.0";
			developmentRegion = en;
			hasScannedForEncodings = 0;
			knownRegions = (
				en,
				Base,
			);
			mainGroup = E3A7D7FD2C772037004208D3;
			productRefGroup = E3A7D8072C772037004208D3 /* Products */;
			projectDirPath = "";
			projectRoot = "";
			targets = (
				E3A7D8052C772037004208D3 /* ContactsApp */,
			);
		};
/* End PBXProject section */

/* Begin PBXResourcesBuildPhase section */
		E3A7D8042C772037004208D3 /* Resources */ = {
			isa = PBXResourcesBuildPhase;
			buildActionMask = 2147483647;
			files = (
				E3A7D8112C77203D004208D3 /* Preview Assets.xcassets in Resources */,
				E3A7D80E2C77203D004208D3 /* Assets.xcassets in Resources */,
			);
			runOnlyForDeploymentPostprocessing = 0;
		};
/* End PBXResourcesBuildPhase section */

/* Begin PBXSourcesBuildPhase section */
		E3A7D8022C772037004208D3 /* Sources */ = {
			isa = PBXSourcesBuildPhase;
			buildActionMask = 2147483647;
			files = (
				E3A4DD002C7E201F00B42703 /* filterOptions.swift in Sources */,
				E3A7D8182C7720C9004208D3 /* Contact.swift in Sources */,
				E31BF6F62C7F39FA005E932C /* NewCategoryViewModel.swift in Sources */,
				E3FCDB112C7CCFAE00025328 /* ToolBarItemsView.swift in Sources */,
				E3FCDB0D2C7CCCD000025328 /* ContactListView.swift in Sources */,
				E3FCDAFC2C7CA63200025328 /* Filter.swift in Sources */,
				E3A7D81A2C7720E7004208D3 /* ContactsViewModel.swift in Sources */,
				E3A7D81C2C772107004208D3 /* ContactFormViewModel.swift in Sources */,
				E3A4DD042C7F117600B42703 /* FilterViewModel.swift in Sources */,
				E3FCDB0F2C7CCD8800025328 /* AddContactButtonView.swift in Sources */,
				E3FCDB0B2C7CCBFA00025328 /* FilterPickerView.swift in Sources */,
				E3A4DCEB2C7DBDF700B42703 /* ContactFormManager.swift in Sources */,
				E3A4DCFD2C7E180A00B42703 /* FilterOptions.swift in Sources */,
				E3FCDB092C7CCB6600025328 /* SearchView.swift in Sources */,
				E3A7D81E2C772157004208D3 /* ContactFormView.swift in Sources */,
				E3A7D80C2C772037004208D3 /* ContentView.swift in Sources */,
				E3FCDAF62C78B00E00025328 /* ImagePicker.swift in Sources */,
				E3FCDAFF2C7CAD3C00025328 /* ManagerServices.swift in Sources */,
				E3A7D8202C772FD5004208D3 /* ContactCardView.swift in Sources */,
				E3FCDAF92C7C9FD400025328 /* DataServices.swift in Sources */,
				E3A7D80A2C772037004208D3 /* ContactsAppApp.swift in Sources */,
				E3A4DCED2C7DC29500B42703 /* FormView.swift in Sources */,
				E31BF6F42C7F2E85005E932C /* AddCategorySheet.swift in Sources */,
			);
			runOnlyForDeploymentPostprocessing = 0;
		};
/* End PBXSourcesBuildPhase section */

/* Begin XCBuildConfiguration section */
		E3A7D8122C77203D004208D3 /* Debug */ = {
			isa = XCBuildConfiguration;
			buildSettings = {
				ALWAYS_SEARCH_USER_PATHS = NO;
				ASSETCATALOG_COMPILER_GENERATE_SWIFT_ASSET_SYMBOL_EXTENSIONS = YES;
				CLANG_ANALYZER_NONNULL = YES;
				CLANG_ANALYZER_NUMBER_OBJECT_CONVERSION = YES_AGGRESSIVE;
				CLANG_CXX_LANGUAGE_STANDARD = "gnu++20";
				CLANG_ENABLE_MODULES = YES;
				CLANG_ENABLE_OBJC_ARC = YES;
				CLANG_ENABLE_OBJC_WEAK = YES;
				CLANG_WARN_BLOCK_CAPTURE_AUTORELEASING = YES;
				CLANG_WARN_BOOL_CONVERSION = YES;
				CLANG_WARN_COMMA = YES;
				CLANG_WARN_CONSTANT_CONVERSION = YES;
				CLANG_WARN_DEPRECATED_OBJC_IMPLEMENTATIONS = YES;
				CLANG_WARN_DIRECT_OBJC_ISA_USAGE = YES_ERROR;
				CLANG_WARN_DOCUMENTATION_COMMENTS = YES;
				CLANG_WARN_EMPTY_BODY = YES;
				CLANG_WARN_ENUM_CONVERSION = YES;
				CLANG_WARN_INFINITE_RECURSION = YES;
				CLANG_WARN_INT_CONVERSION = YES;
				CLANG_WARN_NON_LITERAL_NULL_CONVERSION = YES;
				CLANG_WARN_OBJC_IMPLICIT_RETAIN_SELF = YES;
				CLANG_WARN_OBJC_LITERAL_CONVERSION = YES;
				CLANG_WARN_OBJC_ROOT_CLASS = YES_ERROR;
				CLANG_WARN_QUOTED_INCLUDE_IN_FRAMEWORK_HEADER = YES;
				CLANG_WARN_RANGE_LOOP_ANALYSIS = YES;
				CLANG_WARN_STRICT_PROTOTYPES = YES;
				CLANG_WARN_SUSPICIOUS_MOVE = YES;
				CLANG_WARN_UNGUARDED_AVAILABILITY = YES_AGGRESSIVE;
				CLANG_WARN_UNREACHABLE_CODE = YES;
				CLANG_WARN__DUPLICATE_METHOD_MATCH = YES;
				COPY_PHASE_STRIP = NO;
				DEBUG_INFORMATION_FORMAT = dwarf;
				ENABLE_STRICT_OBJC_MSGSEND = YES;
				ENABLE_TESTABILITY = YES;
				ENABLE_USER_SCRIPT_SANDBOXING = YES;
				GCC_C_LANGUAGE_STANDARD = gnu17;
				GCC_DYNAMIC_NO_PIC = NO;
				GCC_NO_COMMON_BLOCKS = YES;
				GCC_OPTIMIZATION_LEVEL = 0;
				GCC_PREPROCESSOR_DEFINITIONS = (
					"DEBUG=1",
					"$(inherited)",
				);
				GCC_WARN_64_TO_32_BIT_CONVERSION = YES;
				GCC_WARN_ABOUT_RETURN_TYPE = YES_ERROR;
				GCC_WARN_UNDECLARED_SELECTOR = YES;
				GCC_WARN_UNINITIALIZED_AUTOS = YES_AGGRESSIVE;
				GCC_WARN_UNUSED_FUNCTION = YES;
				GCC_WARN_UNUSED_VARIABLE = YES;
				IPHONEOS_DEPLOYMENT_TARGET = 17.5;
				LOCALIZATION_PREFERS_STRING_CATALOGS = YES;
				MTL_ENABLE_DEBUG_INFO = INCLUDE_SOURCE;
				MTL_FAST_MATH = YES;
				ONLY_ACTIVE_ARCH = YES;
				SDKROOT = iphoneos;
				SWIFT_ACTIVE_COMPILATION_CONDITIONS = "DEBUG $(inherited)";
				SWIFT_OPTIMIZATION_LEVEL = "-Onone";
			};
			name = Debug;
		};
		E3A7D8132C77203D004208D3 /* Release */ = {
			isa = XCBuildConfiguration;
			buildSettings = {
				ALWAYS_SEARCH_USER_PATHS = NO;
				ASSETCATALOG_COMPILER_GENERATE_SWIFT_ASSET_SYMBOL_EXTENSIONS = YES;
				CLANG_ANALYZER_NONNULL = YES;
				CLANG_ANALYZER_NUMBER_OBJECT_CONVERSION = YES_AGGRESSIVE;
				CLANG_CXX_LANGUAGE_STANDARD = "gnu++20";
				CLANG_ENABLE_MODULES = YES;
				CLANG_ENABLE_OBJC_ARC = YES;
				CLANG_ENABLE_OBJC_WEAK = YES;
				CLANG_WARN_BLOCK_CAPTURE_AUTORELEASING = YES;
				CLANG_WARN_BOOL_CONVERSION = YES;
				CLANG_WARN_COMMA = YES;
				CLANG_WARN_CONSTANT_CONVERSION = YES;
				CLANG_WARN_DEPRECATED_OBJC_IMPLEMENTATIONS = YES;
				CLANG_WARN_DIRECT_OBJC_ISA_USAGE = YES_ERROR;
				CLANG_WARN_DOCUMENTATION_COMMENTS = YES;
				CLANG_WARN_EMPTY_BODY = YES;
				CLANG_WARN_ENUM_CONVERSION = YES;
				CLANG_WARN_INFINITE_RECURSION = YES;
				CLANG_WARN_INT_CONVERSION = YES;
				CLANG_WARN_NON_LITERAL_NULL_CONVERSION = YES;
				CLANG_WARN_OBJC_IMPLICIT_RETAIN_SELF = YES;
				CLANG_WARN_OBJC_LITERAL_CONVERSION = YES;
				CLANG_WARN_OBJC_ROOT_CLASS = YES_ERROR;
				CLANG_WARN_QUOTED_INCLUDE_IN_FRAMEWORK_HEADER = YES;
				CLANG_WARN_RANGE_LOOP_ANALYSIS = YES;
				CLANG_WARN_STRICT_PROTOTYPES = YES;
				CLANG_WARN_SUSPICIOUS_MOVE = YES;
				CLANG_WARN_UNGUARDED_AVAILABILITY = YES_AGGRESSIVE;
				CLANG_WARN_UNREACHABLE_CODE = YES;
				CLANG_WARN__DUPLICATE_METHOD_MATCH = YES;
				COPY_PHASE_STRIP = NO;
				DEBUG_INFORMATION_FORMAT = "dwarf-with-dsym";
				ENABLE_NS_ASSERTIONS = NO;
				ENABLE_STRICT_OBJC_MSGSEND = YES;
				ENABLE_USER_SCRIPT_SANDBOXING = YES;
				GCC_C_LANGUAGE_STANDARD = gnu17;
				GCC_NO_COMMON_BLOCKS = YES;
				GCC_WARN_64_TO_32_BIT_CONVERSION = YES;
				GCC_WARN_ABOUT_RETURN_TYPE = YES_ERROR;
				GCC_WARN_UNDECLARED_SELECTOR = YES;
				GCC_WARN_UNINITIALIZED_AUTOS = YES_AGGRESSIVE;
				GCC_WARN_UNUSED_FUNCTION = YES;
				GCC_WARN_UNUSED_VARIABLE = YES;
				IPHONEOS_DEPLOYMENT_TARGET = 17.5;
				LOCALIZATION_PREFERS_STRING_CATALOGS = YES;
				MTL_ENABLE_DEBUG_INFO = NO;
				MTL_FAST_MATH = YES;
				SDKROOT = iphoneos;
				SWIFT_COMPILATION_MODE = wholemodule;
				VALIDATE_PRODUCT = YES;
			};
			name = Release;
		};
		E3A7D8152C77203D004208D3 /* Debug */ = {
			isa = XCBuildConfiguration;
			buildSettings = {
				ASSETCATALOG_COMPILER_APPICON_NAME = AppIcon;
				ASSETCATALOG_COMPILER_GLOBAL_ACCENT_COLOR_NAME = AccentColor;
				CODE_SIGN_STYLE = Automatic;
				CURRENT_PROJECT_VERSION = 1;
				DEVELOPMENT_ASSET_PATHS = "\"ContactsApp/Preview Content\"";
				ENABLE_PREVIEWS = YES;
				GENERATE_INFOPLIST_FILE = YES;
				INFOPLIST_KEY_UIApplicationSceneManifest_Generation = YES;
				INFOPLIST_KEY_UIApplicationSupportsIndirectInputEvents = YES;
				INFOPLIST_KEY_UILaunchScreen_Generation = YES;
				INFOPLIST_KEY_UISupportedInterfaceOrientations_iPad = "UIInterfaceOrientationPortrait UIInterfaceOrientationPortraitUpsideDown UIInterfaceOrientationLandscapeLeft UIInterfaceOrientationLandscapeRight";
				INFOPLIST_KEY_UISupportedInterfaceOrientations_iPhone = "UIInterfaceOrientationPortrait UIInterfaceOrientationLandscapeLeft UIInterfaceOrientationLandscapeRight";
				IPHONEOS_DEPLOYMENT_TARGET = 15.0;
				LD_RUNPATH_SEARCH_PATHS = (
					"$(inherited)",
					"@executable_path/Frameworks",
				);
				MARKETING_VERSION = 1.0;
				PRODUCT_BUNDLE_IDENTIFIER = Softmatic.ContactsApp;
				PRODUCT_NAME = "$(TARGET_NAME)";
				SWIFT_EMIT_LOC_STRINGS = YES;
				SWIFT_VERSION = 5.0;
				TARGETED_DEVICE_FAMILY = "1,2";
			};
			name = Debug;
		};
		E3A7D8162C77203D004208D3 /* Release */ = {
			isa = XCBuildConfiguration;
			buildSettings = {
				ASSETCATALOG_COMPILER_APPICON_NAME = AppIcon;
				ASSETCATALOG_COMPILER_GLOBAL_ACCENT_COLOR_NAME = AccentColor;
				CODE_SIGN_STYLE = Automatic;
				CURRENT_PROJECT_VERSION = 1;
				DEVELOPMENT_ASSET_PATHS = "\"ContactsApp/Preview Content\"";
				ENABLE_PREVIEWS = YES;
				GENERATE_INFOPLIST_FILE = YES;
				INFOPLIST_KEY_UIApplicationSceneManifest_Generation = YES;
				INFOPLIST_KEY_UIApplicationSupportsIndirectInputEvents = YES;
				INFOPLIST_KEY_UILaunchScreen_Generation = YES;
				INFOPLIST_KEY_UISupportedInterfaceOrientations_iPad = "UIInterfaceOrientationPortrait UIInterfaceOrientationPortraitUpsideDown UIInterfaceOrientationLandscapeLeft UIInterfaceOrientationLandscapeRight";
				INFOPLIST_KEY_UISupportedInterfaceOrientations_iPhone = "UIInterfaceOrientationPortrait UIInterfaceOrientationLandscapeLeft UIInterfaceOrientationLandscapeRight";
				IPHONEOS_DEPLOYMENT_TARGET = 15.0;
				LD_RUNPATH_SEARCH_PATHS = (
					"$(inherited)",
					"@executable_path/Frameworks",
				);
				MARKETING_VERSION = 1.0;
				PRODUCT_BUNDLE_IDENTIFIER = Softmatic.ContactsApp;
				PRODUCT_NAME = "$(TARGET_NAME)";
				SWIFT_EMIT_LOC_STRINGS = YES;
				SWIFT_VERSION = 5.0;
				TARGETED_DEVICE_FAMILY = "1,2";
			};
			name = Release;
		};
/* End XCBuildConfiguration section */

/* Begin XCConfigurationList section */
		E3A7D8012C772037004208D3 /* Build configuration list for PBXProject "ContactsApp" */ = {
			isa = XCConfigurationList;
			buildConfigurations = (
				E3A7D8122C77203D004208D3 /* Debug */,
				E3A7D8132C77203D004208D3 /* Release */,
			);
			defaultConfigurationIsVisible = 0;
			defaultConfigurationName = Release;
		};
		E3A7D8142C77203D004208D3 /* Build configuration list for PBXNativeTarget "ContactsApp" */ = {
			isa = XCConfigurationList;
			buildConfigurations = (
				E3A7D8152C77203D004208D3 /* Debug */,
				E3A7D8162C77203D004208D3 /* Release */,
			);
			defaultConfigurationIsVisible = 0;
			defaultConfigurationName = Release;
		};
/* End XCConfigurationList section */
	};
	rootObject = E3A7D7FE2C772037004208D3 /* Project object */;
}
